
Microsoft Visual Studio Solution File, Format Version 12.00
# Visual Studio Version 16
VisualStudioVersion = 16.0.32630.194
MinimumVisualStudioVersion = 10.0.40219.1
Project("{FAE04EC0-301F-11D3-BF4B-00C04F79EFBC}") = "Semana2Form", "Semana2Form.csproj", "{D026593C-7D74-4D15-BE26-EAD9541A232E}"
EndProject
Global
	GlobalSection(SolutionConfigurationPlatforms) = preSolution
		Debug|Any CPU = Debug|Any CPU
		Release|Any CPU = Release|Any CPU
	EndGlobalSection
	GlobalSection(ProjectConfigurationPlatforms) = postSolution
		{D026593C-7D74-4D15-BE26-EAD9541A232E}.Debug|Any CPU.ActiveCfg = Debug|Any CPU
		{D026593C-7D74-4D15-BE26-EAD9541A232E}.Debug|Any CPU.Build.0 = Debug|Any CPU
		{D026593C-7D74-4D15-BE26-EAD9541A232E}.Release|Any CPU.ActiveCfg = Release|Any CPU
		{D026593C-7D74-4D15-BE26-EAD9541A232E}.Release|Any CPU.Build.0 = Release|Any CPU
	EndGlobalSection
	GlobalSection(SolutionProperties) = preSolution
		HideSolutionNode = FALSE
	EndGlobalSection
	GlobalSection(ExtensibilityGlobals) = postSolution
		SolutionGuid = {0CAAFAFF-2026-4980-B7E3-5EEB4EA54CF8}
	EndGlobalSection
EndGlobal
